
Microsoft Visual Studio Solution File, Format Version 12.00
# Visual Studio Version 17
VisualStudioVersion = 17.13.35818.85 d17.13
MinimumVisualStudioVersion = 10.0.40219.1
Project("{FAE04EC0-301F-11D3-BF4B-00C04F79EFBC}") = "Test_AI", "Test_AI.csproj", "{2382759B-AE18-47E3-8E65-39D5CF33FA1F}"
EndProject
Global
	GlobalSection(SolutionConfigurationPlatforms) = preSolution
		Debug|Any CPU = Debug|Any CPU
		Release|Any CPU = Release|Any CPU
	EndGlobalSection
	GlobalSection(ProjectConfigurationPlatforms) = postSolution
		{2382759B-AE18-47E3-8E65-39D5CF33FA1F}.Debug|Any CPU.ActiveCfg = Debug|Any CPU
		{2382759B-AE18-47E3-8E65-39D5CF33FA1F}.Debug|Any CPU.Build.0 = Debug|Any CPU
		{2382759B-AE18-47E3-8E65-39D5CF33FA1F}.Release|Any CPU.ActiveCfg = Release|Any CPU
		{2382759B-AE18-47E3-8E65-39D5CF33FA1F}.Release|Any CPU.Build.0 = Release|Any CPU
	EndGlobalSection
	GlobalSection(SolutionProperties) = preSolution
		HideSolutionNode = FALSE
	EndGlobalSection
	GlobalSection(ExtensibilityGlobals) = postSolution
		SolutionGuid = {A3029890-3540-4BFF-9B0D-9050736B29BE}
	EndGlobalSection
EndGlobal
